{
    "_readme": [
        "This file locks the dependencies of your project to a known state",
        "Read more about it at https://getcomposer.org/doc/01-basic-usage.md#installing-dependencies",
        "This file is @generated automatically"
    ],
    "content-hash": "947138f31f658ab154e86576bd238736",
    "packages": [],
    "packages-dev": [],
    "aliases": [],
    "minimum-stability": "stable",
    "stability-flags": [],
    "prefer-stable": false,
    "prefer-lowest": false,
    "platform": {
        "php": "^7.4.0||^8.0.0",
        "ext-json": "*"
    },
    "platform-dev": [],
    "platform-overrides": {
        "php": "7.4.999"
    },
    "plugin-api-version": "2.3.0"
}
